// !$*UTF8*$!
{
	archiveVersion = 1;
	classes = {
	};
	objectVersion = 46;
	objects = {

/* Begin PBXBuildFile section */
		3CF620421C103D95006B342F /* main.m in Sources */ = {isa = PBXBuildFile; fileRef = 3CF620411C103D95006B342F /* main.m */; };
		3CF6204A1C103FFE006B342F /* Rectangle.m in Sources */ = {isa = PBXBuildFile; fileRef = 3CF620491C103FFE006B342F /* Rectangle.m */; };
		3CF620501C105A78006B342F /* Square.m in Sources */ = {isa = PBXBuildFile; fileRef = 3CF6204F1C105A78006B342F /* Square.m */; };
		3CF620531C10611B006B342F /* Fraction.m in Sources */ = {isa = PBXBuildFile; fileRef = 3CF620521C10611B006B342F /* Fraction.m */; };
		3CF620561C106744006B342F /* Day.m in Sources */ = {isa = PBXBuildFile; fileRef = 3CF620551C106744006B342F /* Day.m */; };
/* End PBXBuildFile section */

/* Begin PBXCopyFilesBuildPhase section */
		3CF6203C1C103D95006B342F /* CopyFiles */ = {
			isa = PBXCopyFilesBuildPhase;
			buildActionMask = 2147483647;
			dstPath = /usr/share/man/man1/;
			dstSubfolderSpec = 0;
			files = (
			);
			runOnlyForDeploymentPostprocessing = 1;
		};
/* End PBXCopyFilesBuildPhase section */

/* Begin PBXFileReference section */
		3CF6203E1C103D95006B342F /* chap10excise */ = {isa = PBXFileReference; explicitFileType = "compiled.mach-o.executable"; includeInIndex = 0; path = chap10excise; sourceTree = BUILT_PRODUCTS_DIR; };
		3CF620411C103D95006B342F /* main.m */ = {isa = PBXFileReference; lastKnownFileType = sourcecode.c.objc; path = main.m; sourceTree = "<group>"; };
		3CF620481C103FFE006B342F /* Rectangle.h */ = {isa = PBXFileReference; fileEncoding = 4; lastKnownFileType = sourcecode.c.h; path = Rectangle.h; sourceTree = "<group>"; };
		3CF620491C103FFE006B342F /* Rectangle.m */ = {isa = PBXFileReference; fileEncoding = 4; lastKnownFileType = sourcecode.c.objc; path = Rectangle.m; sourceTree = "<group>"; };
		3CF6204E1C105A78006B342F /* Square.h */ = {isa = PBXFileReference; fileEncoding = 4; lastKnownFileType = sourcecode.c.h; name = Square.h; path = ../Square.h; sourceTree = "<group>"; };
		3CF6204F1C105A78006B342F /* Square.m */ = {isa = PBXFileReference; fileEncoding = 4; lastKnownFileType = sourcecode.c.objc; name = Square.m; path = ../Square.m; sourceTree = "<group>"; };
		3CF620511C10611B006B342F /* Fraction.h */ = {isa = PBXFileReference; fileEncoding = 4; lastKnownFileType = sourcecode.c.h; path = Fraction.h; sourceTree = "<group>"; };
		3CF620521C10611B006B342F /* Fraction.m */ = {isa = PBXFileReference; fileEncoding = 4; lastKnownFileType = sourcecode.c.objc; path = Fraction.m; sourceTree = "<group>"; };
		3CF620541C106744006B342F /* Day.h */ = {isa = PBXFileReference; fileEncoding = 4; lastKnownFileType = sourcecode.c.h; path = Day.h; sourceTree = "<group>"; };
		3CF620551C106744006B342F /* Day.m */ = {isa = PBXFileReference; fileEncoding = 4; lastKnownFileType = sourcecode.c.objc; path = Day.m; sourceTree = "<group>"; };
/* End PBXFileReference section */

/* Begin PBXFrameworksBuildPhase section */
		3CF6203B1C103D95006B342F /* Frameworks */ = {
			isa = PBXFrameworksBuildPhase;
			buildActionMask = 2147483647;
			files = (
			);
			runOnlyForDeploymentPostprocessing = 0;
		};
/* End PBXFrameworksBuildPhase section */

/* Begin PBXGroup section */
		3CF620351C103D95006B342F = {
			isa = PBXGroup;
			children = (
				3CF620401C103D95006B342F /* chap10excise */,
				3CF6203F1C103D95006B342F /* Products */,
			);
			sourceTree = "<group>";
		};
		3CF6203F1C103D95006B342F /* Products */ = {
			isa = PBXGroup;
			children = (
				3CF6203E1C103D95006B342F /* chap10excise */,
			);
			name = Products;
			sourceTree = "<group>";
		};
		3CF620401C103D95006B342F /* chap10excise */ = {
			isa = PBXGroup;
			children = (
				3CF620411C103D95006B342F /* main.m */,
				3CF620481C103FFE006B342F /* Rectangle.h */,
				3CF620491C103FFE006B342F /* Rectangle.m */,
				3CF6204E1C105A78006B342F /* Square.h */,
				3CF6204F1C105A78006B342F /* Square.m */,
				3CF620511C10611B006B342F /* Fraction.h */,
				3CF620521C10611B006B342F /* Fraction.m */,
				3CF620541C106744006B342F /* Day.h */,
				3CF620551C106744006B342F /* Day.m */,
			);
			path = chap10excise;
			sourceTree = "<group>";
		};
/* End PBXGroup section */

/* Begin PBXNativeTarget section */
		3CF6203D1C103D95006B342F /* chap10excise */ = {
			isa = PBXNativeTarget;
			buildConfigurationList = 3CF620451C103D95006B342F /* Build configuration list for PBXNativeTarget "chap10excise" */;
			buildPhases = (
				3CF6203A1C103D95006B342F /* Sources */,
				3CF6203B1C103D95006B342F /* Frameworks */,
				3CF6203C1C103D95006B342F /* CopyFiles */,
			);
			buildRules = (
			);
			dependencies = (
			);
			name = chap10excise;
			productName = chap10excise;
			productReference = 3CF6203E1C103D95006B342F /* chap10excise */;
			productType = "com.apple.product-type.tool";
		};
/* End PBXNativeTarget section */

/* Begin PBXProject section */
		3CF620361C103D95006B342F /* Project object */ = {
			isa = PBXProject;
			attributes = {
				LastUpgradeCheck = 0710;
				ORGANIZATIONNAME = "Miami Heat";
				TargetAttributes = {
					3CF6203D1C103D95006B342F = {
						CreatedOnToolsVersion = 7.1.1;
					};
				};
			};
			buildConfigurationList = 3CF620391C103D95006B342F /* Build configuration list for PBXProject "chap10excise" */;
			compatibilityVersion = "Xcode 3.2";
			developmentRegion = English;
			hasScannedForEncodings = 0;
			knownRegions = (
				en,
			);
			mainGroup = 3CF620351C103D95006B342F;
			productRefGroup = 3CF6203F1C103D95006B342F /* Products */;
			projectDirPath = "";
			projectRoot = "";
			targets = (
				3CF6203D1C103D95006B342F /* chap10excise */,
			);
		};
/* End PBXProject section */

/* Begin PBXSourcesBuildPhase section */
		3CF6203A1C103D95006B342F /* Sources */ = {
			isa = PBXSourcesBuildPhase;
			buildActionMask = 2147483647;
			files = (
				3CF620501C105A78006B342F /* Square.m in Sources */,
				3CF620421C103D95006B342F /* main.m in Sources */,
				3CF620561C106744006B342F /* Day.m in Sources */,
				3CF6204A1C103FFE006B342F /* Rectangle.m in Sources */,
				3CF620531C10611B006B342F /* Fraction.m in Sources */,
			);
			runOnlyForDeploymentPostprocessing = 0;
		};
/* End PBXSourcesBuildPhase section */

/* Begin XCBuildConfiguration section */
		3CF620431C103D95006B342F /* Debug */ = {
			isa = XCBuildConfiguration;
			buildSettings = {
				ALWAYS_SEARCH_USER_PATHS = NO;
				CLANG_CXX_LANGUAGE_STANDARD = "gnu++0x";
				CLANG_CXX_LIBRARY = "libc++";
				CLANG_ENABLE_MODULES = YES;
				CLANG_ENABLE_OBJC_ARC = YES;
				CLANG_WARN_BOOL_CONVERSION = YES;
				CLANG_WARN_CONSTANT_CONVERSION = YES;
				CLANG_WARN_DIRECT_OBJC_ISA_USAGE = YES_ERROR;
				CLANG_WARN_EMPTY_BODY = YES;
				CLANG_WARN_ENUM_CONVERSION = YES;
				CLANG_WARN_INT_CONVERSION = YES;
				CLANG_WARN_OBJC_ROOT_CLASS = YES_ERROR;
				CLANG_WARN_UNREACHABLE_CODE = YES;
				CLANG_WARN__DUPLICATE_METHOD_MATCH = YES;
				CODE_SIGN_IDENTITY = "-";
				COPY_PHASE_STRIP = NO;
				DEBUG_INFORMATION_FORMAT = dwarf;
				ENABLE_STRICT_OBJC_MSGSEND = YES;
				ENABLE_TESTABILITY = YES;
				GCC_C_LANGUAGE_STANDARD = gnu99;
				GCC_DYNAMIC_NO_PIC = NO;
				GCC_NO_COMMON_BLOCKS = YES;
				GCC_OPTIMIZATION_LEVEL = 0;
				GCC_PREPROCESSOR_DEFINITIONS = (
					"DEBUG=1",
					"$(inherited)",
				);
				GCC_WARN_64_TO_32_BIT_CONVERSION = YES;
				GCC_WARN_ABOUT_RETURN_TYPE = YES_ERROR;
				GCC_WARN_UNDECLARED_SELECTOR = YES;
				GCC_WARN_UNINITIALIZED_AUTOS = YES_AGGRESSIVE;
				GCC_WARN_UNUSED_FUNCTION = YES;
				GCC_WARN_UNUSED_VARIABLE = YES;
				MACOSX_DEPLOYMENT_TARGET = 10.11;
				MTL_ENABLE_DEBUG_INFO = YES;
				ONLY_ACTIVE_ARCH = YES;
				SDKROOT = macosx;
			};
			name = Debug;
		};
		3CF620441C103D95006B342F /* Release */ = {
			isa = XCBuildConfiguration;
			buildSettings = {
				ALWAYS_SEARCH_USER_PATHS = NO;
				CLANG_CXX_LANGUAGE_STANDARD = "gnu++0x";
				CLANG_CXX_LIBRARY = "libc++";
				CLANG_ENABLE_MODULES = YES;
				CLANG_ENABLE_OBJC_ARC = YES;
				CLANG_WARN_BOOL_CONVERSION = YES;
				CLANG_WARN_CONSTANT_CONVERSION = YES;
				CLANG_WARN_DIRECT_OBJC_ISA_USAGE = YES_ERROR;
				CLANG_WARN_EMPTY_BODY = YES;
				CLANG_WARN_ENUM_CONVERSION = YES;
				CLANG_WARN_INT_CONVERSION = YES;
				CLANG_WARN_OBJC_ROOT_CLASS = YES_ERROR;
				CLANG_WARN_UNREACHABLE_CODE = YES;
				CLANG_WARN__DUPLICATE_METHOD_MATCH = YES;
				CODE_SIGN_IDENTITY = "-";
				COPY_PHASE_STRIP = NO;
				DEBUG_INFORMATION_FORMAT = "dwarf-with-dsym";
				ENABLE_NS_ASSERTIONS = NO;
				ENABLE_STRICT_OBJC_MSGSEND = YES;
				GCC_C_LANGUAGE_STANDARD = gnu99;
				GCC_NO_COMMON_BLOCKS = YES;
				GCC_WARN_64_TO_32_BIT_CONVERSION = YES;
				GCC_WARN_ABOUT_RETURN_TYPE = YES_ERROR;
				GCC_WARN_UNDECLARED_SELECTOR = YES;
				GCC_WARN_UNINITIALIZED_AUTOS = YES_AGGRESSIVE;
				GCC_WARN_UNUSED_FUNCTION = YES;
				GCC_WARN_UNUSED_VARIABLE = YES;
				MACOSX_DEPLOYMENT_TARGET = 10.11;
				MTL_ENABLE_DEBUG_INFO = NO;
				SDKROOT = macosx;
			};
			name = Release;
		};
		3CF620461C103D95006B342F /* Debug */ = {
			isa = XCBuildConfiguration;
			buildSettings = {
				PRODUCT_NAME = "$(TARGET_NAME)";
			};
			name = Debug;
		};
		3CF620471C103D95006B342F /* Release */ = {
			isa = XCBuildConfiguration;
			buildSettings = {
				PRODUCT_NAME = "$(TARGET_NAME)";
			};
			name = Release;
		};
/* End XCBuildConfiguration section */

/* Begin XCConfigurationList section */
		3CF620391C103D95006B342F /* Build configuration list for PBXProject "chap10excise" */ = {
			isa = XCConfigurationList;
			buildConfigurations = (
				3CF620431C103D95006B342F /* Debug */,
				3CF620441C103D95006B342F /* Release */,
			);
			defaultConfigurationIsVisible = 0;
			defaultConfigurationName = Release;
		};
		3CF620451C103D95006B342F /* Build configuration list for PBXNativeTarget "chap10excise" */ = {
			isa = XCConfigurationList;
			buildConfigurations = (
				3CF620461C103D95006B342F /* Debug */,
				3CF620471C103D95006B342F /* Release */,
			);
			defaultConfigurationIsVisible = 0;
		};
/* End XCConfigurationList section */
	};
	rootObject = 3CF620361C103D95006B342F /* Project object */;
}
