// !$*UTF8*$!
{
	archiveVersion = 1;
	classes = {
	};
	objectVersion = 46;
	objects = {

/* Begin PBXBuildFile section */
		3CEFC3D41C0B397A00454A3A /* main.m in Sources */ = {isa = PBXBuildFile; fileRef = 3CEFC3D31C0B397A00454A3A /* main.m */; };
/* End PBXBuildFile section */

/* Begin PBXContainerItemProxy section */
		3C13F8581C0B65C300040574 /* PBXContainerItemProxy */ = {
			isa = PBXContainerItemProxy;
			containerPortal = 3C13F8541C0B65C200040574 /* Complex.xcodeproj */;
			proxyType = 2;
			remoteGlobalIDString = 3C13F84A1C0B65C200040574;
			remoteInfo = Complex;
		};
/* End PBXContainerItemProxy section */

/* Begin PBXCopyFilesBuildPhase section */
		3CEFC3CE1C0B397A00454A3A /* CopyFiles */ = {
			isa = PBXCopyFilesBuildPhase;
			buildActionMask = 2147483647;
			dstPath = /usr/share/man/man1/;
			dstSubfolderSpec = 0;
			files = (
			);
			runOnlyForDeploymentPostprocessing = 1;
		};
/* End PBXCopyFilesBuildPhase section */

/* Begin PBXFileReference section */
		3C13F8541C0B65C200040574 /* Complex.xcodeproj */ = {isa = PBXFileReference; lastKnownFileType = "wrapper.pb-project"; name = Complex.xcodeproj; path = Complex/Complex.xcodeproj; sourceTree = "<group>"; };
		3CEFC3D01C0B397A00454A3A /* chap7exccise */ = {isa = PBXFileReference; explicitFileType = "compiled.mach-o.executable"; includeInIndex = 0; path = chap7exccise; sourceTree = BUILT_PRODUCTS_DIR; };
		3CEFC3D31C0B397A00454A3A /* main.m */ = {isa = PBXFileReference; lastKnownFileType = sourcecode.c.objc; path = main.m; sourceTree = "<group>"; };
/* End PBXFileReference section */

/* Begin PBXFrameworksBuildPhase section */
		3CEFC3CD1C0B397A00454A3A /* Frameworks */ = {
			isa = PBXFrameworksBuildPhase;
			buildActionMask = 2147483647;
			files = (
			);
			runOnlyForDeploymentPostprocessing = 0;
		};
/* End PBXFrameworksBuildPhase section */

/* Begin PBXGroup section */
		3C13F8551C0B65C200040574 /* Products */ = {
			isa = PBXGroup;
			children = (
				3C13F8591C0B65C300040574 /* Complex */,
			);
			name = Products;
			sourceTree = "<group>";
		};
		3CEFC3C71C0B397A00454A3A = {
			isa = PBXGroup;
			children = (
				3C13F8541C0B65C200040574 /* Complex.xcodeproj */,
				3CEFC3D21C0B397A00454A3A /* chap7exccise */,
				3CEFC3D11C0B397A00454A3A /* Products */,
			);
			sourceTree = "<group>";
		};
		3CEFC3D11C0B397A00454A3A /* Products */ = {
			isa = PBXGroup;
			children = (
				3CEFC3D01C0B397A00454A3A /* chap7exccise */,
			);
			name = Products;
			sourceTree = "<group>";
		};
		3CEFC3D21C0B397A00454A3A /* chap7exccise */ = {
			isa = PBXGroup;
			children = (
				3CEFC3D31C0B397A00454A3A /* main.m */,
			);
			path = chap7exccise;
			sourceTree = "<group>";
		};
/* End PBXGroup section */

/* Begin PBXNativeTarget section */
		3CEFC3CF1C0B397A00454A3A /* chap7exccise */ = {
			isa = PBXNativeTarget;
			buildConfigurationList = 3CEFC3D71C0B397A00454A3A /* Build configuration list for PBXNativeTarget "chap7exccise" */;
			buildPhases = (
				3CEFC3CC1C0B397A00454A3A /* Sources */,
				3CEFC3CD1C0B397A00454A3A /* Frameworks */,
				3CEFC3CE1C0B397A00454A3A /* CopyFiles */,
			);
			buildRules = (
			);
			dependencies = (
			);
			name = chap7exccise;
			productName = chap7exccise;
			productReference = 3CEFC3D01C0B397A00454A3A /* chap7exccise */;
			productType = "com.apple.product-type.tool";
		};
/* End PBXNativeTarget section */

/* Begin PBXProject section */
		3CEFC3C81C0B397A00454A3A /* Project object */ = {
			isa = PBXProject;
			attributes = {
				LastUpgradeCheck = 0710;
				ORGANIZATIONNAME = "Miami Heat";
				TargetAttributes = {
					3CEFC3CF1C0B397A00454A3A = {
						CreatedOnToolsVersion = 7.1.1;
					};
				};
			};
			buildConfigurationList = 3CEFC3CB1C0B397A00454A3A /* Build configuration list for PBXProject "chap7exccise" */;
			compatibilityVersion = "Xcode 3.2";
			developmentRegion = English;
			hasScannedForEncodings = 0;
			knownRegions = (
				en,
			);
			mainGroup = 3CEFC3C71C0B397A00454A3A;
			productRefGroup = 3CEFC3D11C0B397A00454A3A /* Products */;
			projectDirPath = "";
			projectReferences = (
				{
					ProductGroup = 3C13F8551C0B65C200040574 /* Products */;
					ProjectRef = 3C13F8541C0B65C200040574 /* Complex.xcodeproj */;
				},
			);
			projectRoot = "";
			targets = (
				3CEFC3CF1C0B397A00454A3A /* chap7exccise */,
			);
		};
/* End PBXProject section */

/* Begin PBXReferenceProxy section */
		3C13F8591C0B65C300040574 /* Complex */ = {
			isa = PBXReferenceProxy;
			fileType = "compiled.mach-o.executable";
			path = Complex;
			remoteRef = 3C13F8581C0B65C300040574 /* PBXContainerItemProxy */;
			sourceTree = BUILT_PRODUCTS_DIR;
		};
/* End PBXReferenceProxy section */

/* Begin PBXSourcesBuildPhase section */
		3CEFC3CC1C0B397A00454A3A /* Sources */ = {
			isa = PBXSourcesBuildPhase;
			buildActionMask = 2147483647;
			files = (
				3CEFC3D41C0B397A00454A3A /* main.m in Sources */,
			);
			runOnlyForDeploymentPostprocessing = 0;
		};
/* End PBXSourcesBuildPhase section */

/* Begin XCBuildConfiguration section */
		3CEFC3D51C0B397A00454A3A /* Debug */ = {
			isa = XCBuildConfiguration;
			buildSettings = {
				ALWAYS_SEARCH_USER_PATHS = NO;
				CLANG_CXX_LANGUAGE_STANDARD = "gnu++0x";
				CLANG_CXX_LIBRARY = "libc++";
				CLANG_ENABLE_MODULES = YES;
				CLANG_ENABLE_OBJC_ARC = YES;
				CLANG_WARN_BOOL_CONVERSION = YES;
				CLANG_WARN_CONSTANT_CONVERSION = YES;
				CLANG_WARN_DIRECT_OBJC_ISA_USAGE = YES_ERROR;
				CLANG_WARN_EMPTY_BODY = YES;
				CLANG_WARN_ENUM_CONVERSION = YES;
				CLANG_WARN_INT_CONVERSION = YES;
				CLANG_WARN_OBJC_ROOT_CLASS = YES_ERROR;
				CLANG_WARN_UNREACHABLE_CODE = YES;
				CLANG_WARN__DUPLICATE_METHOD_MATCH = YES;
				CODE_SIGN_IDENTITY = "-";
				COPY_PHASE_STRIP = NO;
				DEBUG_INFORMATION_FORMAT = dwarf;
				ENABLE_STRICT_OBJC_MSGSEND = YES;
				ENABLE_TESTABILITY = YES;
				GCC_C_LANGUAGE_STANDARD = gnu99;
				GCC_DYNAMIC_NO_PIC = NO;
				GCC_NO_COMMON_BLOCKS = YES;
				GCC_OPTIMIZATION_LEVEL = 0;
				GCC_PREPROCESSOR_DEFINITIONS = (
					"DEBUG=1",
					"$(inherited)",
				);
				GCC_WARN_64_TO_32_BIT_CONVERSION = YES;
				GCC_WARN_ABOUT_RETURN_TYPE = YES_ERROR;
				GCC_WARN_UNDECLARED_SELECTOR = YES;
				GCC_WARN_UNINITIALIZED_AUTOS = YES_AGGRESSIVE;
				GCC_WARN_UNUSED_FUNCTION = YES;
				GCC_WARN_UNUSED_VARIABLE = YES;
				MACOSX_DEPLOYMENT_TARGET = 10.11;
				MTL_ENABLE_DEBUG_INFO = YES;
				ONLY_ACTIVE_ARCH = YES;
				SDKROOT = macosx;
			};
			name = Debug;
		};
		3CEFC3D61C0B397A00454A3A /* Release */ = {
			isa = XCBuildConfiguration;
			buildSettings = {
				ALWAYS_SEARCH_USER_PATHS = NO;
				CLANG_CXX_LANGUAGE_STANDARD = "gnu++0x";
				CLANG_CXX_LIBRARY = "libc++";
				CLANG_ENABLE_MODULES = YES;
				CLANG_ENABLE_OBJC_ARC = YES;
				CLANG_WARN_BOOL_CONVERSION = YES;
				CLANG_WARN_CONSTANT_CONVERSION = YES;
				CLANG_WARN_DIRECT_OBJC_ISA_USAGE = YES_ERROR;
				CLANG_WARN_EMPTY_BODY = YES;
				CLANG_WARN_ENUM_CONVERSION = YES;
				CLANG_WARN_INT_CONVERSION = YES;
				CLANG_WARN_OBJC_ROOT_CLASS = YES_ERROR;
				CLANG_WARN_UNREACHABLE_CODE = YES;
				CLANG_WARN__DUPLICATE_METHOD_MATCH = YES;
				CODE_SIGN_IDENTITY = "-";
				COPY_PHASE_STRIP = NO;
				DEBUG_INFORMATION_FORMAT = "dwarf-with-dsym";
				ENABLE_NS_ASSERTIONS = NO;
				ENABLE_STRICT_OBJC_MSGSEND = YES;
				GCC_C_LANGUAGE_STANDARD = gnu99;
				GCC_NO_COMMON_BLOCKS = YES;
				GCC_WARN_64_TO_32_BIT_CONVERSION = YES;
				GCC_WARN_ABOUT_RETURN_TYPE = YES_ERROR;
				GCC_WARN_UNDECLARED_SELECTOR = YES;
				GCC_WARN_UNINITIALIZED_AUTOS = YES_AGGRESSIVE;
				GCC_WARN_UNUSED_FUNCTION = YES;
				GCC_WARN_UNUSED_VARIABLE = YES;
				MACOSX_DEPLOYMENT_TARGET = 10.11;
				MTL_ENABLE_DEBUG_INFO = NO;
				SDKROOT = macosx;
			};
			name = Release;
		};
		3CEFC3D81C0B397A00454A3A /* Debug */ = {
			isa = XCBuildConfiguration;
			buildSettings = {
				PRODUCT_NAME = "$(TARGET_NAME)";
			};
			name = Debug;
		};
		3CEFC3D91C0B397A00454A3A /* Release */ = {
			isa = XCBuildConfiguration;
			buildSettings = {
				PRODUCT_NAME = "$(TARGET_NAME)";
			};
			name = Release;
		};
/* End XCBuildConfiguration section */

/* Begin XCConfigurationList section */
		3CEFC3CB1C0B397A00454A3A /* Build configuration list for PBXProject "chap7exccise" */ = {
			isa = XCConfigurationList;
			buildConfigurations = (
				3CEFC3D51C0B397A00454A3A /* Debug */,
				3CEFC3D61C0B397A00454A3A /* Release */,
			);
			defaultConfigurationIsVisible = 0;
			defaultConfigurationName = Release;
		};
		3CEFC3D71C0B397A00454A3A /* Build configuration list for PBXNativeTarget "chap7exccise" */ = {
			isa = XCConfigurationList;
			buildConfigurations = (
				3CEFC3D81C0B397A00454A3A /* Debug */,
				3CEFC3D91C0B397A00454A3A /* Release */,
			);
			defaultConfigurationIsVisible = 0;
			defaultConfigurationName = Release;
		};
/* End XCConfigurationList section */
	};
	rootObject = 3CEFC3C81C0B397A00454A3A /* Project object */;
}
