// !$*UTF8*$!
{
	archiveVersion = 1;
	classes = {
	};
	objectVersion = 46;
	objects = {

/* Begin PBXBuildFile section */
		A9AA1B7A1C0578EA00469AB1 /* main.m in Sources */ = {isa = PBXBuildFile; fileRef = A9AA1B791C0578EA00469AB1 /* main.m */; };
		A9AA1B7D1C0578EA00469AB1 /* AppDelegate.m in Sources */ = {isa = PBXBuildFile; fileRef = A9AA1B7C1C0578EA00469AB1 /* AppDelegate.m */; };
		A9AA1B801C0578EA00469AB1 /* ViewController.m in Sources */ = {isa = PBXBuildFile; fileRef = A9AA1B7F1C0578EA00469AB1 /* ViewController.m */; };
		A9AA1B831C0578EA00469AB1 /* Main.storyboard in Resources */ = {isa = PBXBuildFile; fileRef = A9AA1B811C0578EA00469AB1 /* Main.storyboard */; };
		A9AA1B851C0578EA00469AB1 /* Assets.xcassets in Resources */ = {isa = PBXBuildFile; fileRef = A9AA1B841C0578EA00469AB1 /* Assets.xcassets */; };
		A9AA1B881C0578EA00469AB1 /* LaunchScreen.storyboard in Resources */ = {isa = PBXBuildFile; fileRef = A9AA1B861C0578EA00469AB1 /* LaunchScreen.storyboard */; };
		A9AA1B931C0578EA00469AB1 /* ShowTextTests.m in Sources */ = {isa = PBXBuildFile; fileRef = A9AA1B921C0578EA00469AB1 /* ShowTextTests.m */; };
		A9AA1B9E1C0578EA00469AB1 /* ShowTextUITests.m in Sources */ = {isa = PBXBuildFile; fileRef = A9AA1B9D1C0578EA00469AB1 /* ShowTextUITests.m */; };
		A9AA1BAD1C05796C00469AB1 /* Fraction.m in Sources */ = {isa = PBXBuildFile; fileRef = A9AA1BAC1C05796C00469AB1 /* Fraction.m */; };
/* End PBXBuildFile section */

/* Begin PBXContainerItemProxy section */
		A9AA1B8F1C0578EA00469AB1 /* PBXContainerItemProxy */ = {
			isa = PBXContainerItemProxy;
			containerPortal = A9AA1B6D1C0578EA00469AB1 /* Project object */;
			proxyType = 1;
			remoteGlobalIDString = A9AA1B741C0578EA00469AB1;
			remoteInfo = ShowText;
		};
		A9AA1B9A1C0578EA00469AB1 /* PBXContainerItemProxy */ = {
			isa = PBXContainerItemProxy;
			containerPortal = A9AA1B6D1C0578EA00469AB1 /* Project object */;
			proxyType = 1;
			remoteGlobalIDString = A9AA1B741C0578EA00469AB1;
			remoteInfo = ShowText;
		};
/* End PBXContainerItemProxy section */

/* Begin PBXFileReference section */
		A9AA1B751C0578EA00469AB1 /* ShowText.app */ = {isa = PBXFileReference; explicitFileType = wrapper.application; includeInIndex = 0; path = ShowText.app; sourceTree = BUILT_PRODUCTS_DIR; };
		A9AA1B791C0578EA00469AB1 /* main.m */ = {isa = PBXFileReference; lastKnownFileType = sourcecode.c.objc; path = main.m; sourceTree = "<group>"; };
		A9AA1B7B1C0578EA00469AB1 /* AppDelegate.h */ = {isa = PBXFileReference; lastKnownFileType = sourcecode.c.h; path = AppDelegate.h; sourceTree = "<group>"; };
		A9AA1B7C1C0578EA00469AB1 /* AppDelegate.m */ = {isa = PBXFileReference; lastKnownFileType = sourcecode.c.objc; path = AppDelegate.m; sourceTree = "<group>"; };
		A9AA1B7E1C0578EA00469AB1 /* ViewController.h */ = {isa = PBXFileReference; lastKnownFileType = sourcecode.c.h; path = ViewController.h; sourceTree = "<group>"; };
		A9AA1B7F1C0578EA00469AB1 /* ViewController.m */ = {isa = PBXFileReference; lastKnownFileType = sourcecode.c.objc; path = ViewController.m; sourceTree = "<group>"; };
		A9AA1B821C0578EA00469AB1 /* Base */ = {isa = PBXFileReference; lastKnownFileType = file.storyboard; name = Base; path = Base.lproj/Main.storyboard; sourceTree = "<group>"; };
		A9AA1B841C0578EA00469AB1 /* Assets.xcassets */ = {isa = PBXFileReference; lastKnownFileType = folder.assetcatalog; path = Assets.xcassets; sourceTree = "<group>"; };
		A9AA1B871C0578EA00469AB1 /* Base */ = {isa = PBXFileReference; lastKnownFileType = file.storyboard; name = Base; path = Base.lproj/LaunchScreen.storyboard; sourceTree = "<group>"; };
		A9AA1B891C0578EA00469AB1 /* Info.plist */ = {isa = PBXFileReference; lastKnownFileType = text.plist.xml; path = Info.plist; sourceTree = "<group>"; };
		A9AA1B8E1C0578EA00469AB1 /* ShowTextTests.xctest */ = {isa = PBXFileReference; explicitFileType = wrapper.cfbundle; includeInIndex = 0; path = ShowTextTests.xctest; sourceTree = BUILT_PRODUCTS_DIR; };
		A9AA1B921C0578EA00469AB1 /* ShowTextTests.m */ = {isa = PBXFileReference; lastKnownFileType = sourcecode.c.objc; path = ShowTextTests.m; sourceTree = "<group>"; };
		A9AA1B941C0578EA00469AB1 /* Info.plist */ = {isa = PBXFileReference; lastKnownFileType = text.plist.xml; path = Info.plist; sourceTree = "<group>"; };
		A9AA1B991C0578EA00469AB1 /* ShowTextUITests.xctest */ = {isa = PBXFileReference; explicitFileType = wrapper.cfbundle; includeInIndex = 0; path = ShowTextUITests.xctest; sourceTree = BUILT_PRODUCTS_DIR; };
		A9AA1B9D1C0578EA00469AB1 /* ShowTextUITests.m */ = {isa = PBXFileReference; lastKnownFileType = sourcecode.c.objc; path = ShowTextUITests.m; sourceTree = "<group>"; };
		A9AA1B9F1C0578EA00469AB1 /* Info.plist */ = {isa = PBXFileReference; lastKnownFileType = text.plist.xml; path = Info.plist; sourceTree = "<group>"; };
		A9AA1BAB1C05796C00469AB1 /* Fraction.h */ = {isa = PBXFileReference; fileEncoding = 4; lastKnownFileType = sourcecode.c.h; path = Fraction.h; sourceTree = "<group>"; };
		A9AA1BAC1C05796C00469AB1 /* Fraction.m */ = {isa = PBXFileReference; fileEncoding = 4; lastKnownFileType = sourcecode.c.objc; path = Fraction.m; sourceTree = "<group>"; };
/* End PBXFileReference section */

/* Begin PBXFrameworksBuildPhase section */
		A9AA1B721C0578EA00469AB1 /* Frameworks */ = {
			isa = PBXFrameworksBuildPhase;
			buildActionMask = 2147483647;
			files = (
			);
			runOnlyForDeploymentPostprocessing = 0;
		};
		A9AA1B8B1C0578EA00469AB1 /* Frameworks */ = {
			isa = PBXFrameworksBuildPhase;
			buildActionMask = 2147483647;
			files = (
			);
			runOnlyForDeploymentPostprocessing = 0;
		};
		A9AA1B961C0578EA00469AB1 /* Frameworks */ = {
			isa = PBXFrameworksBuildPhase;
			buildActionMask = 2147483647;
			files = (
			);
			runOnlyForDeploymentPostprocessing = 0;
		};
/* End PBXFrameworksBuildPhase section */

/* Begin PBXGroup section */
		A9AA1B6C1C0578EA00469AB1 = {
			isa = PBXGroup;
			children = (
				A9AA1B771C0578EA00469AB1 /* ShowText */,
				A9AA1B911C0578EA00469AB1 /* ShowTextTests */,
				A9AA1B9C1C0578EA00469AB1 /* ShowTextUITests */,
				A9AA1B761C0578EA00469AB1 /* Products */,
			);
			sourceTree = "<group>";
		};
		A9AA1B761C0578EA00469AB1 /* Products */ = {
			isa = PBXGroup;
			children = (
				A9AA1B751C0578EA00469AB1 /* ShowText.app */,
				A9AA1B8E1C0578EA00469AB1 /* ShowTextTests.xctest */,
				A9AA1B991C0578EA00469AB1 /* ShowTextUITests.xctest */,
			);
			name = Products;
			sourceTree = "<group>";
		};
		A9AA1B771C0578EA00469AB1 /* ShowText */ = {
			isa = PBXGroup;
			children = (
				A9AA1B7B1C0578EA00469AB1 /* AppDelegate.h */,
				A9AA1B7C1C0578EA00469AB1 /* AppDelegate.m */,
				A9AA1B7E1C0578EA00469AB1 /* ViewController.h */,
				A9AA1BAB1C05796C00469AB1 /* Fraction.h */,
				A9AA1BAC1C05796C00469AB1 /* Fraction.m */,
				A9AA1B7F1C0578EA00469AB1 /* ViewController.m */,
				A9AA1B811C0578EA00469AB1 /* Main.storyboard */,
				A9AA1B841C0578EA00469AB1 /* Assets.xcassets */,
				A9AA1B861C0578EA00469AB1 /* LaunchScreen.storyboard */,
				A9AA1B891C0578EA00469AB1 /* Info.plist */,
				A9AA1B781C0578EA00469AB1 /* Supporting Files */,
			);
			path = ShowText;
			sourceTree = "<group>";
		};
		A9AA1B781C0578EA00469AB1 /* Supporting Files */ = {
			isa = PBXGroup;
			children = (
				A9AA1B791C0578EA00469AB1 /* main.m */,
			);
			name = "Supporting Files";
			sourceTree = "<group>";
		};
		A9AA1B911C0578EA00469AB1 /* ShowTextTests */ = {
			isa = PBXGroup;
			children = (
				A9AA1B921C0578EA00469AB1 /* ShowTextTests.m */,
				A9AA1B941C0578EA00469AB1 /* Info.plist */,
			);
			path = ShowTextTests;
			sourceTree = "<group>";
		};
		A9AA1B9C1C0578EA00469AB1 /* ShowTextUITests */ = {
			isa = PBXGroup;
			children = (
				A9AA1B9D1C0578EA00469AB1 /* ShowTextUITests.m */,
				A9AA1B9F1C0578EA00469AB1 /* Info.plist */,
			);
			path = ShowTextUITests;
			sourceTree = "<group>";
		};
/* End PBXGroup section */

/* Begin PBXNativeTarget section */
		A9AA1B741C0578EA00469AB1 /* ShowText */ = {
			isa = PBXNativeTarget;
			buildConfigurationList = A9AA1BA21C0578EA00469AB1 /* Build configuration list for PBXNativeTarget "ShowText" */;
			buildPhases = (
				A9AA1B711C0578EA00469AB1 /* Sources */,
				A9AA1B721C0578EA00469AB1 /* Frameworks */,
				A9AA1B731C0578EA00469AB1 /* Resources */,
			);
			buildRules = (
			);
			dependencies = (
			);
			name = ShowText;
			productName = ShowText;
			productReference = A9AA1B751C0578EA00469AB1 /* ShowText.app */;
			productType = "com.apple.product-type.application";
		};
		A9AA1B8D1C0578EA00469AB1 /* ShowTextTests */ = {
			isa = PBXNativeTarget;
			buildConfigurationList = A9AA1BA51C0578EA00469AB1 /* Build configuration list for PBXNativeTarget "ShowTextTests" */;
			buildPhases = (
				A9AA1B8A1C0578EA00469AB1 /* Sources */,
				A9AA1B8B1C0578EA00469AB1 /* Frameworks */,
				A9AA1B8C1C0578EA00469AB1 /* Resources */,
			);
			buildRules = (
			);
			dependencies = (
				A9AA1B901C0578EA00469AB1 /* PBXTargetDependency */,
			);
			name = ShowTextTests;
			productName = ShowTextTests;
			productReference = A9AA1B8E1C0578EA00469AB1 /* ShowTextTests.xctest */;
			productType = "com.apple.product-type.bundle.unit-test";
		};
		A9AA1B981C0578EA00469AB1 /* ShowTextUITests */ = {
			isa = PBXNativeTarget;
			buildConfigurationList = A9AA1BA81C0578EA00469AB1 /* Build configuration list for PBXNativeTarget "ShowTextUITests" */;
			buildPhases = (
				A9AA1B951C0578EA00469AB1 /* Sources */,
				A9AA1B961C0578EA00469AB1 /* Frameworks */,
				A9AA1B971C0578EA00469AB1 /* Resources */,
			);
			buildRules = (
			);
			dependencies = (
				A9AA1B9B1C0578EA00469AB1 /* PBXTargetDependency */,
			);
			name = ShowTextUITests;
			productName = ShowTextUITests;
			productReference = A9AA1B991C0578EA00469AB1 /* ShowTextUITests.xctest */;
			productType = "com.apple.product-type.bundle.ui-testing";
		};
/* End PBXNativeTarget section */

/* Begin PBXProject section */
		A9AA1B6D1C0578EA00469AB1 /* Project object */ = {
			isa = PBXProject;
			attributes = {
				LastUpgradeCheck = 0710;
				ORGANIZATIONNAME = trainer;
				TargetAttributes = {
					A9AA1B741C0578EA00469AB1 = {
						CreatedOnToolsVersion = 7.1.1;
					};
					A9AA1B8D1C0578EA00469AB1 = {
						CreatedOnToolsVersion = 7.1.1;
						TestTargetID = A9AA1B741C0578EA00469AB1;
					};
					A9AA1B981C0578EA00469AB1 = {
						CreatedOnToolsVersion = 7.1.1;
						TestTargetID = A9AA1B741C0578EA00469AB1;
					};
				};
			};
			buildConfigurationList = A9AA1B701C0578EA00469AB1 /* Build configuration list for PBXProject "ShowText" */;
			compatibilityVersion = "Xcode 3.2";
			developmentRegion = English;
			hasScannedForEncodings = 0;
			knownRegions = (
				en,
				Base,
			);
			mainGroup = A9AA1B6C1C0578EA00469AB1;
			productRefGroup = A9AA1B761C0578EA00469AB1 /* Products */;
			projectDirPath = "";
			projectRoot = "";
			targets = (
				A9AA1B741C0578EA00469AB1 /* ShowText */,
				A9AA1B8D1C0578EA00469AB1 /* ShowTextTests */,
				A9AA1B981C0578EA00469AB1 /* ShowTextUITests */,
			);
		};
/* End PBXProject section */

/* Begin PBXResourcesBuildPhase section */
		A9AA1B731C0578EA00469AB1 /* Resources */ = {
			isa = PBXResourcesBuildPhase;
			buildActionMask = 2147483647;
			files = (
				A9AA1B881C0578EA00469AB1 /* LaunchScreen.storyboard in Resources */,
				A9AA1B851C0578EA00469AB1 /* Assets.xcassets in Resources */,
				A9AA1B831C0578EA00469AB1 /* Main.storyboard in Resources */,
			);
			runOnlyForDeploymentPostprocessing = 0;
		};
		A9AA1B8C1C0578EA00469AB1 /* Resources */ = {
			isa = PBXResourcesBuildPhase;
			buildActionMask = 2147483647;
			files = (
			);
			runOnlyForDeploymentPostprocessing = 0;
		};
		A9AA1B971C0578EA00469AB1 /* Resources */ = {
			isa = PBXResourcesBuildPhase;
			buildActionMask = 2147483647;
			files = (
			);
			runOnlyForDeploymentPostprocessing = 0;
		};
/* End PBXResourcesBuildPhase section */

/* Begin PBXSourcesBuildPhase section */
		A9AA1B711C0578EA00469AB1 /* Sources */ = {
			isa = PBXSourcesBuildPhase;
			buildActionMask = 2147483647;
			files = (
				A9AA1B801C0578EA00469AB1 /* ViewController.m in Sources */,
				A9AA1B7D1C0578EA00469AB1 /* AppDelegate.m in Sources */,
				A9AA1B7A1C0578EA00469AB1 /* main.m in Sources */,
				A9AA1BAD1C05796C00469AB1 /* Fraction.m in Sources */,
			);
			runOnlyForDeploymentPostprocessing = 0;
		};
		A9AA1B8A1C0578EA00469AB1 /* Sources */ = {
			isa = PBXSourcesBuildPhase;
			buildActionMask = 2147483647;
			files = (
				A9AA1B931C0578EA00469AB1 /* ShowTextTests.m in Sources */,
			);
			runOnlyForDeploymentPostprocessing = 0;
		};
		A9AA1B951C0578EA00469AB1 /* Sources */ = {
			isa = PBXSourcesBuildPhase;
			buildActionMask = 2147483647;
			files = (
				A9AA1B9E1C0578EA00469AB1 /* ShowTextUITests.m in Sources */,
			);
			runOnlyForDeploymentPostprocessing = 0;
		};
/* End PBXSourcesBuildPhase section */

/* Begin PBXTargetDependency section */
		A9AA1B901C0578EA00469AB1 /* PBXTargetDependency */ = {
			isa = PBXTargetDependency;
			target = A9AA1B741C0578EA00469AB1 /* ShowText */;
			targetProxy = A9AA1B8F1C0578EA00469AB1 /* PBXContainerItemProxy */;
		};
		A9AA1B9B1C0578EA00469AB1 /* PBXTargetDependency */ = {
			isa = PBXTargetDependency;
			target = A9AA1B741C0578EA00469AB1 /* ShowText */;
			targetProxy = A9AA1B9A1C0578EA00469AB1 /* PBXContainerItemProxy */;
		};
/* End PBXTargetDependency section */

/* Begin PBXVariantGroup section */
		A9AA1B811C0578EA00469AB1 /* Main.storyboard */ = {
			isa = PBXVariantGroup;
			children = (
				A9AA1B821C0578EA00469AB1 /* Base */,
			);
			name = Main.storyboard;
			sourceTree = "<group>";
		};
		A9AA1B861C0578EA00469AB1 /* LaunchScreen.storyboard */ = {
			isa = PBXVariantGroup;
			children = (
				A9AA1B871C0578EA00469AB1 /* Base */,
			);
			name = LaunchScreen.storyboard;
			sourceTree = "<group>";
		};
/* End PBXVariantGroup section */

/* Begin XCBuildConfiguration section */
		A9AA1BA01C0578EA00469AB1 /* Debug */ = {
			isa = XCBuildConfiguration;
			buildSettings = {
				ALWAYS_SEARCH_USER_PATHS = NO;
				CLANG_CXX_LANGUAGE_STANDARD = "gnu++0x";
				CLANG_CXX_LIBRARY = "libc++";
				CLANG_ENABLE_MODULES = YES;
				CLANG_ENABLE_OBJC_ARC = YES;
				CLANG_WARN_BOOL_CONVERSION = YES;
				CLANG_WARN_CONSTANT_CONVERSION = YES;
				CLANG_WARN_DIRECT_OBJC_ISA_USAGE = YES_ERROR;
				CLANG_WARN_EMPTY_BODY = YES;
				CLANG_WARN_ENUM_CONVERSION = YES;
				CLANG_WARN_INT_CONVERSION = YES;
				CLANG_WARN_OBJC_ROOT_CLASS = YES_ERROR;
				CLANG_WARN_UNREACHABLE_CODE = YES;
				CLANG_WARN__DUPLICATE_METHOD_MATCH = YES;
				"CODE_SIGN_IDENTITY[sdk=iphoneos*]" = "iPhone Developer";
				COPY_PHASE_STRIP = NO;
				DEBUG_INFORMATION_FORMAT = dwarf;
				ENABLE_STRICT_OBJC_MSGSEND = YES;
				ENABLE_TESTABILITY = YES;
				GCC_C_LANGUAGE_STANDARD = gnu99;
				GCC_DYNAMIC_NO_PIC = NO;
				GCC_NO_COMMON_BLOCKS = YES;
				GCC_OPTIMIZATION_LEVEL = 0;
				GCC_PREPROCESSOR_DEFINITIONS = (
					"DEBUG=1",
					"$(inherited)",
				);
				GCC_WARN_64_TO_32_BIT_CONVERSION = YES;
				GCC_WARN_ABOUT_RETURN_TYPE = YES_ERROR;
				GCC_WARN_UNDECLARED_SELECTOR = YES;
				GCC_WARN_UNINITIALIZED_AUTOS = YES_AGGRESSIVE;
				GCC_WARN_UNUSED_FUNCTION = YES;
				GCC_WARN_UNUSED_VARIABLE = YES;
				IPHONEOS_DEPLOYMENT_TARGET = 9.1;
				MTL_ENABLE_DEBUG_INFO = YES;
				ONLY_ACTIVE_ARCH = YES;
				SDKROOT = iphoneos;
				TARGETED_DEVICE_FAMILY = "1,2";
			};
			name = Debug;
		};
		A9AA1BA11C0578EA00469AB1 /* Release */ = {
			isa = XCBuildConfiguration;
			buildSettings = {
				ALWAYS_SEARCH_USER_PATHS = NO;
				CLANG_CXX_LANGUAGE_STANDARD = "gnu++0x";
				CLANG_CXX_LIBRARY = "libc++";
				CLANG_ENABLE_MODULES = YES;
				CLANG_ENABLE_OBJC_ARC = YES;
				CLANG_WARN_BOOL_CONVERSION = YES;
				CLANG_WARN_CONSTANT_CONVERSION = YES;
				CLANG_WARN_DIRECT_OBJC_ISA_USAGE = YES_ERROR;
				CLANG_WARN_EMPTY_BODY = YES;
				CLANG_WARN_ENUM_CONVERSION = YES;
				CLANG_WARN_INT_CONVERSION = YES;
				CLANG_WARN_OBJC_ROOT_CLASS = YES_ERROR;
				CLANG_WARN_UNREACHABLE_CODE = YES;
				CLANG_WARN__DUPLICATE_METHOD_MATCH = YES;
				"CODE_SIGN_IDENTITY[sdk=iphoneos*]" = "iPhone Developer";
				COPY_PHASE_STRIP = NO;
				DEBUG_INFORMATION_FORMAT = "dwarf-with-dsym";
				ENABLE_NS_ASSERTIONS = NO;
				ENABLE_STRICT_OBJC_MSGSEND = YES;
				GCC_C_LANGUAGE_STANDARD = gnu99;
				GCC_NO_COMMON_BLOCKS = YES;
				GCC_WARN_64_TO_32_BIT_CONVERSION = YES;
				GCC_WARN_ABOUT_RETURN_TYPE = YES_ERROR;
				GCC_WARN_UNDECLARED_SELECTOR = YES;
				GCC_WARN_UNINITIALIZED_AUTOS = YES_AGGRESSIVE;
				GCC_WARN_UNUSED_FUNCTION = YES;
				GCC_WARN_UNUSED_VARIABLE = YES;
				IPHONEOS_DEPLOYMENT_TARGET = 9.1;
				MTL_ENABLE_DEBUG_INFO = NO;
				SDKROOT = iphoneos;
				TARGETED_DEVICE_FAMILY = "1,2";
				VALIDATE_PRODUCT = YES;
			};
			name = Release;
		};
		A9AA1BA31C0578EA00469AB1 /* Debug */ = {
			isa = XCBuildConfiguration;
			buildSettings = {
				ASSETCATALOG_COMPILER_APPICON_NAME = AppIcon;
				INFOPLIST_FILE = ShowText/Info.plist;
				LD_RUNPATH_SEARCH_PATHS = "$(inherited) @executable_path/Frameworks";
				PRODUCT_BUNDLE_IDENTIFIER = com.Jay.ShowText;
				PRODUCT_NAME = "$(TARGET_NAME)";
			};
			name = Debug;
		};
		A9AA1BA41C0578EA00469AB1 /* Release */ = {
			isa = XCBuildConfiguration;
			buildSettings = {
				ASSETCATALOG_COMPILER_APPICON_NAME = AppIcon;
				INFOPLIST_FILE = ShowText/Info.plist;
				LD_RUNPATH_SEARCH_PATHS = "$(inherited) @executable_path/Frameworks";
				PRODUCT_BUNDLE_IDENTIFIER = com.Jay.ShowText;
				PRODUCT_NAME = "$(TARGET_NAME)";
			};
			name = Release;
		};
		A9AA1BA61C0578EA00469AB1 /* Debug */ = {
			isa = XCBuildConfiguration;
			buildSettings = {
				BUNDLE_LOADER = "$(TEST_HOST)";
				INFOPLIST_FILE = ShowTextTests/Info.plist;
				LD_RUNPATH_SEARCH_PATHS = "$(inherited) @executable_path/Frameworks @loader_path/Frameworks";
				PRODUCT_BUNDLE_IDENTIFIER = com.Jay.ShowTextTests;
				PRODUCT_NAME = "$(TARGET_NAME)";
				TEST_HOST = "$(BUILT_PRODUCTS_DIR)/ShowText.app/ShowText";
			};
			name = Debug;
		};
		A9AA1BA71C0578EA00469AB1 /* Release */ = {
			isa = XCBuildConfiguration;
			buildSettings = {
				BUNDLE_LOADER = "$(TEST_HOST)";
				INFOPLIST_FILE = ShowTextTests/Info.plist;
				LD_RUNPATH_SEARCH_PATHS = "$(inherited) @executable_path/Frameworks @loader_path/Frameworks";
				PRODUCT_BUNDLE_IDENTIFIER = com.Jay.ShowTextTests;
				PRODUCT_NAME = "$(TARGET_NAME)";
				TEST_HOST = "$(BUILT_PRODUCTS_DIR)/ShowText.app/ShowText";
			};
			name = Release;
		};
		A9AA1BA91C0578EA00469AB1 /* Debug */ = {
			isa = XCBuildConfiguration;
			buildSettings = {
				INFOPLIST_FILE = ShowTextUITests/Info.plist;
				LD_RUNPATH_SEARCH_PATHS = "$(inherited) @executable_path/Frameworks @loader_path/Frameworks";
				PRODUCT_BUNDLE_IDENTIFIER = com.Jay.ShowTextUITests;
				PRODUCT_NAME = "$(TARGET_NAME)";
				TEST_TARGET_NAME = ShowText;
				USES_XCTRUNNER = YES;
			};
			name = Debug;
		};
		A9AA1BAA1C0578EA00469AB1 /* Release */ = {
			isa = XCBuildConfiguration;
			buildSettings = {
				INFOPLIST_FILE = ShowTextUITests/Info.plist;
				LD_RUNPATH_SEARCH_PATHS = "$(inherited) @executable_path/Frameworks @loader_path/Frameworks";
				PRODUCT_BUNDLE_IDENTIFIER = com.Jay.ShowTextUITests;
				PRODUCT_NAME = "$(TARGET_NAME)";
				TEST_TARGET_NAME = ShowText;
				USES_XCTRUNNER = YES;
			};
			name = Release;
		};
/* End XCBuildConfiguration section */

/* Begin XCConfigurationList section */
		A9AA1B701C0578EA00469AB1 /* Build configuration list for PBXProject "ShowText" */ = {
			isa = XCConfigurationList;
			buildConfigurations = (
				A9AA1BA01C0578EA00469AB1 /* Debug */,
				A9AA1BA11C0578EA00469AB1 /* Release */,
			);
			defaultConfigurationIsVisible = 0;
			defaultConfigurationName = Release;
		};
		A9AA1BA21C0578EA00469AB1 /* Build configuration list for PBXNativeTarget "ShowText" */ = {
			isa = XCConfigurationList;
			buildConfigurations = (
				A9AA1BA31C0578EA00469AB1 /* Debug */,
				A9AA1BA41C0578EA00469AB1 /* Release */,
			);
			defaultConfigurationIsVisible = 0;
		};
		A9AA1BA51C0578EA00469AB1 /* Build configuration list for PBXNativeTarget "ShowTextTests" */ = {
			isa = XCConfigurationList;
			buildConfigurations = (
				A9AA1BA61C0578EA00469AB1 /* Debug */,
				A9AA1BA71C0578EA00469AB1 /* Release */,
			);
			defaultConfigurationIsVisible = 0;
		};
		A9AA1BA81C0578EA00469AB1 /* Build configuration list for PBXNativeTarget "ShowTextUITests" */ = {
			isa = XCConfigurationList;
			buildConfigurations = (
				A9AA1BA91C0578EA00469AB1 /* Debug */,
				A9AA1BAA1C0578EA00469AB1 /* Release */,
			);
			defaultConfigurationIsVisible = 0;
		};
/* End XCConfigurationList section */
	};
	rootObject = A9AA1B6D1C0578EA00469AB1 /* Project object */;
}
