// !$*UTF8*$!
{
	archiveVersion = 1;
	classes = {
	};
	objectVersion = 46;
	objects = {

/* Begin PBXBuildFile section */
		D3B7ED3B1C0094A8003E279F /* main.m in Sources */ = {isa = PBXBuildFile; fileRef = D3B7ED3A1C0094A8003E279F /* main.m */; };
/* End PBXBuildFile section */

/* Begin PBXContainerItemProxy section */
		D3B7ED581C0095F7003E279F /* PBXContainerItemProxy */ = {
			isa = PBXContainerItemProxy;
			containerPortal = D3B7ED541C0095F7003E279F /* Chap3_3.xcodeproj */;
			proxyType = 2;
			remoteGlobalIDString = D3B7ED4A1C0095F7003E279F;
			remoteInfo = Chap3_3;
		};
/* End PBXContainerItemProxy section */

/* Begin PBXCopyFilesBuildPhase section */
		D3B7ED351C0094A8003E279F /* CopyFiles */ = {
			isa = PBXCopyFilesBuildPhase;
			buildActionMask = 2147483647;
			dstPath = /usr/share/man/man1/;
			dstSubfolderSpec = 0;
			files = (
			);
			runOnlyForDeploymentPostprocessing = 1;
		};
/* End PBXCopyFilesBuildPhase section */

/* Begin PBXFileReference section */
		D3B7ED371C0094A8003E279F /* ConvertDegree */ = {isa = PBXFileReference; explicitFileType = "compiled.mach-o.executable"; includeInIndex = 0; path = ConvertDegree; sourceTree = BUILT_PRODUCTS_DIR; };
		D3B7ED3A1C0094A8003E279F /* main.m */ = {isa = PBXFileReference; lastKnownFileType = sourcecode.c.objc; path = main.m; sourceTree = "<group>"; };
		D3B7ED541C0095F7003E279F /* Chap3_3.xcodeproj */ = {isa = PBXFileReference; lastKnownFileType = "wrapper.pb-project"; name = Chap3_3.xcodeproj; path = Chap3_3/Chap3_3.xcodeproj; sourceTree = "<group>"; };
/* End PBXFileReference section */

/* Begin PBXFrameworksBuildPhase section */
		D3B7ED341C0094A8003E279F /* Frameworks */ = {
			isa = PBXFrameworksBuildPhase;
			buildActionMask = 2147483647;
			files = (
			);
			runOnlyForDeploymentPostprocessing = 0;
		};
/* End PBXFrameworksBuildPhase section */

/* Begin PBXGroup section */
		D3B7ED2E1C0094A8003E279F = {
			isa = PBXGroup;
			children = (
				D3B7ED391C0094A8003E279F /* ConvertDegree */,
				D3B7ED381C0094A8003E279F /* Products */,
			);
			sourceTree = "<group>";
		};
		D3B7ED381C0094A8003E279F /* Products */ = {
			isa = PBXGroup;
			children = (
				D3B7ED371C0094A8003E279F /* ConvertDegree */,
			);
			name = Products;
			sourceTree = "<group>";
		};
		D3B7ED391C0094A8003E279F /* ConvertDegree */ = {
			isa = PBXGroup;
			children = (
				D3B7ED541C0095F7003E279F /* Chap3_3.xcodeproj */,
				D3B7ED3A1C0094A8003E279F /* main.m */,
			);
			path = ConvertDegree;
			sourceTree = "<group>";
		};
		D3B7ED551C0095F7003E279F /* Products */ = {
			isa = PBXGroup;
			children = (
				D3B7ED591C0095F7003E279F /* Chap3_3 */,
			);
			name = Products;
			sourceTree = "<group>";
		};
/* End PBXGroup section */

/* Begin PBXNativeTarget section */
		D3B7ED361C0094A8003E279F /* ConvertDegree */ = {
			isa = PBXNativeTarget;
			buildConfigurationList = D3B7ED3E1C0094A8003E279F /* Build configuration list for PBXNativeTarget "ConvertDegree" */;
			buildPhases = (
				D3B7ED331C0094A8003E279F /* Sources */,
				D3B7ED341C0094A8003E279F /* Frameworks */,
				D3B7ED351C0094A8003E279F /* CopyFiles */,
			);
			buildRules = (
			);
			dependencies = (
			);
			name = ConvertDegree;
			productName = ConvertDegree;
			productReference = D3B7ED371C0094A8003E279F /* ConvertDegree */;
			productType = "com.apple.product-type.tool";
		};
/* End PBXNativeTarget section */

/* Begin PBXProject section */
		D3B7ED2F1C0094A8003E279F /* Project object */ = {
			isa = PBXProject;
			attributes = {
				LastUpgradeCheck = 0710;
				ORGANIZATIONNAME = kongyunpeng;
				TargetAttributes = {
					D3B7ED361C0094A8003E279F = {
						CreatedOnToolsVersion = 7.1.1;
					};
				};
			};
			buildConfigurationList = D3B7ED321C0094A8003E279F /* Build configuration list for PBXProject "ConvertDegree" */;
			compatibilityVersion = "Xcode 3.2";
			developmentRegion = English;
			hasScannedForEncodings = 0;
			knownRegions = (
				en,
			);
			mainGroup = D3B7ED2E1C0094A8003E279F;
			productRefGroup = D3B7ED381C0094A8003E279F /* Products */;
			projectDirPath = "";
			projectReferences = (
				{
					ProductGroup = D3B7ED551C0095F7003E279F /* Products */;
					ProjectRef = D3B7ED541C0095F7003E279F /* Chap3_3.xcodeproj */;
				},
			);
			projectRoot = "";
			targets = (
				D3B7ED361C0094A8003E279F /* ConvertDegree */,
			);
		};
/* End PBXProject section */

/* Begin PBXReferenceProxy section */
		D3B7ED591C0095F7003E279F /* Chap3_3 */ = {
			isa = PBXReferenceProxy;
			fileType = "compiled.mach-o.executable";
			path = Chap3_3;
			remoteRef = D3B7ED581C0095F7003E279F /* PBXContainerItemProxy */;
			sourceTree = BUILT_PRODUCTS_DIR;
		};
/* End PBXReferenceProxy section */

/* Begin PBXSourcesBuildPhase section */
		D3B7ED331C0094A8003E279F /* Sources */ = {
			isa = PBXSourcesBuildPhase;
			buildActionMask = 2147483647;
			files = (
				D3B7ED3B1C0094A8003E279F /* main.m in Sources */,
			);
			runOnlyForDeploymentPostprocessing = 0;
		};
/* End PBXSourcesBuildPhase section */

/* Begin XCBuildConfiguration section */
		D3B7ED3C1C0094A8003E279F /* Debug */ = {
			isa = XCBuildConfiguration;
			buildSettings = {
				ALWAYS_SEARCH_USER_PATHS = NO;
				CLANG_CXX_LANGUAGE_STANDARD = "gnu++0x";
				CLANG_CXX_LIBRARY = "libc++";
				CLANG_ENABLE_MODULES = YES;
				CLANG_ENABLE_OBJC_ARC = YES;
				CLANG_WARN_BOOL_CONVERSION = YES;
				CLANG_WARN_CONSTANT_CONVERSION = YES;
				CLANG_WARN_DIRECT_OBJC_ISA_USAGE = YES_ERROR;
				CLANG_WARN_EMPTY_BODY = YES;
				CLANG_WARN_ENUM_CONVERSION = YES;
				CLANG_WARN_INT_CONVERSION = YES;
				CLANG_WARN_OBJC_ROOT_CLASS = YES_ERROR;
				CLANG_WARN_UNREACHABLE_CODE = YES;
				CLANG_WARN__DUPLICATE_METHOD_MATCH = YES;
				CODE_SIGN_IDENTITY = "-";
				COPY_PHASE_STRIP = NO;
				DEBUG_INFORMATION_FORMAT = dwarf;
				ENABLE_STRICT_OBJC_MSGSEND = YES;
				ENABLE_TESTABILITY = YES;
				GCC_C_LANGUAGE_STANDARD = gnu99;
				GCC_DYNAMIC_NO_PIC = NO;
				GCC_NO_COMMON_BLOCKS = YES;
				GCC_OPTIMIZATION_LEVEL = 0;
				GCC_PREPROCESSOR_DEFINITIONS = (
					"DEBUG=1",
					"$(inherited)",
				);
				GCC_WARN_64_TO_32_BIT_CONVERSION = YES;
				GCC_WARN_ABOUT_RETURN_TYPE = YES_ERROR;
				GCC_WARN_UNDECLARED_SELECTOR = YES;
				GCC_WARN_UNINITIALIZED_AUTOS = YES_AGGRESSIVE;
				GCC_WARN_UNUSED_FUNCTION = YES;
				GCC_WARN_UNUSED_VARIABLE = YES;
				MACOSX_DEPLOYMENT_TARGET = 10.11;
				MTL_ENABLE_DEBUG_INFO = YES;
				ONLY_ACTIVE_ARCH = YES;
				SDKROOT = macosx;
			};
			name = Debug;
		};
		D3B7ED3D1C0094A8003E279F /* Release */ = {
			isa = XCBuildConfiguration;
			buildSettings = {
				ALWAYS_SEARCH_USER_PATHS = NO;
				CLANG_CXX_LANGUAGE_STANDARD = "gnu++0x";
				CLANG_CXX_LIBRARY = "libc++";
				CLANG_ENABLE_MODULES = YES;
				CLANG_ENABLE_OBJC_ARC = YES;
				CLANG_WARN_BOOL_CONVERSION = YES;
				CLANG_WARN_CONSTANT_CONVERSION = YES;
				CLANG_WARN_DIRECT_OBJC_ISA_USAGE = YES_ERROR;
				CLANG_WARN_EMPTY_BODY = YES;
				CLANG_WARN_ENUM_CONVERSION = YES;
				CLANG_WARN_INT_CONVERSION = YES;
				CLANG_WARN_OBJC_ROOT_CLASS = YES_ERROR;
				CLANG_WARN_UNREACHABLE_CODE = YES;
				CLANG_WARN__DUPLICATE_METHOD_MATCH = YES;
				CODE_SIGN_IDENTITY = "-";
				COPY_PHASE_STRIP = NO;
				DEBUG_INFORMATION_FORMAT = "dwarf-with-dsym";
				ENABLE_NS_ASSERTIONS = NO;
				ENABLE_STRICT_OBJC_MSGSEND = YES;
				GCC_C_LANGUAGE_STANDARD = gnu99;
				GCC_NO_COMMON_BLOCKS = YES;
				GCC_WARN_64_TO_32_BIT_CONVERSION = YES;
				GCC_WARN_ABOUT_RETURN_TYPE = YES_ERROR;
				GCC_WARN_UNDECLARED_SELECTOR = YES;
				GCC_WARN_UNINITIALIZED_AUTOS = YES_AGGRESSIVE;
				GCC_WARN_UNUSED_FUNCTION = YES;
				GCC_WARN_UNUSED_VARIABLE = YES;
				MACOSX_DEPLOYMENT_TARGET = 10.11;
				MTL_ENABLE_DEBUG_INFO = NO;
				SDKROOT = macosx;
			};
			name = Release;
		};
		D3B7ED3F1C0094A8003E279F /* Debug */ = {
			isa = XCBuildConfiguration;
			buildSettings = {
				PRODUCT_NAME = "$(TARGET_NAME)";
			};
			name = Debug;
		};
		D3B7ED401C0094A8003E279F /* Release */ = {
			isa = XCBuildConfiguration;
			buildSettings = {
				PRODUCT_NAME = "$(TARGET_NAME)";
			};
			name = Release;
		};
/* End XCBuildConfiguration section */

/* Begin XCConfigurationList section */
		D3B7ED321C0094A8003E279F /* Build configuration list for PBXProject "ConvertDegree" */ = {
			isa = XCConfigurationList;
			buildConfigurations = (
				D3B7ED3C1C0094A8003E279F /* Debug */,
				D3B7ED3D1C0094A8003E279F /* Release */,
			);
			defaultConfigurationIsVisible = 0;
			defaultConfigurationName = Release;
		};
		D3B7ED3E1C0094A8003E279F /* Build configuration list for PBXNativeTarget "ConvertDegree" */ = {
			isa = XCConfigurationList;
			buildConfigurations = (
				D3B7ED3F1C0094A8003E279F /* Debug */,
				D3B7ED401C0094A8003E279F /* Release */,
			);
			defaultConfigurationIsVisible = 0;
			defaultConfigurationName = Release;
		};
/* End XCConfigurationList section */
	};
	rootObject = D3B7ED2F1C0094A8003E279F /* Project object */;
}
