// !$*UTF8*$!
{
	archiveVersion = 1;
	classes = {
	};
	objectVersion = 46;
	objects = {

/* Begin PBXBuildFile section */
		EE43333E1C14144B00E2DE39 /* XYPoint.m in Sources */ = {isa = PBXBuildFile; fileRef = EE43333D1C14144B00E2DE39 /* XYPoint.m */; };
		EEC994741C06112E0029AD42 /* main.m in Sources */ = {isa = PBXBuildFile; fileRef = EEC994731C06112E0029AD42 /* main.m */; };
/* End PBXBuildFile section */

/* Begin PBXCopyFilesBuildPhase section */
		EEC9946E1C06112E0029AD42 /* CopyFiles */ = {
			isa = PBXCopyFilesBuildPhase;
			buildActionMask = 2147483647;
			dstPath = /usr/share/man/man1/;
			dstSubfolderSpec = 0;
			files = (
			);
			runOnlyForDeploymentPostprocessing = 1;
		};
/* End PBXCopyFilesBuildPhase section */

/* Begin PBXFileReference section */
		EE43333C1C14144B00E2DE39 /* XYPoint.h */ = {isa = PBXFileReference; fileEncoding = 4; lastKnownFileType = sourcecode.c.h; path = XYPoint.h; sourceTree = "<group>"; };
		EE43333D1C14144B00E2DE39 /* XYPoint.m */ = {isa = PBXFileReference; fileEncoding = 4; lastKnownFileType = sourcecode.c.objc; path = XYPoint.m; sourceTree = "<group>"; };
		EEC994701C06112E0029AD42 /* Chp3 */ = {isa = PBXFileReference; explicitFileType = "compiled.mach-o.executable"; includeInIndex = 0; path = Chp3; sourceTree = BUILT_PRODUCTS_DIR; };
		EEC994731C06112E0029AD42 /* main.m */ = {isa = PBXFileReference; lastKnownFileType = sourcecode.c.objc; path = main.m; sourceTree = "<group>"; };
/* End PBXFileReference section */

/* Begin PBXFrameworksBuildPhase section */
		EEC9946D1C06112E0029AD42 /* Frameworks */ = {
			isa = PBXFrameworksBuildPhase;
			buildActionMask = 2147483647;
			files = (
			);
			runOnlyForDeploymentPostprocessing = 0;
		};
/* End PBXFrameworksBuildPhase section */

/* Begin PBXGroup section */
		EEC994671C06112E0029AD42 = {
			isa = PBXGroup;
			children = (
				EEC994721C06112E0029AD42 /* 002 */,
				EEC994711C06112E0029AD42 /* Products */,
			);
			sourceTree = "<group>";
		};
		EEC994711C06112E0029AD42 /* Products */ = {
			isa = PBXGroup;
			children = (
				EEC994701C06112E0029AD42 /* Chp3 */,
			);
			name = Products;
			sourceTree = "<group>";
		};
		EEC994721C06112E0029AD42 /* 002 */ = {
			isa = PBXGroup;
			children = (
				EEC994731C06112E0029AD42 /* main.m */,
				EE43333C1C14144B00E2DE39 /* XYPoint.h */,
				EE43333D1C14144B00E2DE39 /* XYPoint.m */,
			);
			path = 002;
			sourceTree = "<group>";
		};
/* End PBXGroup section */

/* Begin PBXNativeTarget section */
		EEC9946F1C06112E0029AD42 /* Chp3 */ = {
			isa = PBXNativeTarget;
			buildConfigurationList = EEC994771C06112E0029AD42 /* Build configuration list for PBXNativeTarget "Chp3" */;
			buildPhases = (
				EEC9946C1C06112E0029AD42 /* Sources */,
				EEC9946D1C06112E0029AD42 /* Frameworks */,
				EEC9946E1C06112E0029AD42 /* CopyFiles */,
			);
			buildRules = (
			);
			dependencies = (
			);
			name = Chp3;
			productName = 002;
			productReference = EEC994701C06112E0029AD42 /* Chp3 */;
			productType = "com.apple.product-type.tool";
		};
/* End PBXNativeTarget section */

/* Begin PBXProject section */
		EEC994681C06112E0029AD42 /* Project object */ = {
			isa = PBXProject;
			attributes = {
				LastUpgradeCheck = 0710;
				ORGANIZATIONNAME = lmz;
				TargetAttributes = {
					EEC9946F1C06112E0029AD42 = {
						CreatedOnToolsVersion = 6.1;
					};
				};
			};
			buildConfigurationList = EEC9946B1C06112E0029AD42 /* Build configuration list for PBXProject "Chp3" */;
			compatibilityVersion = "Xcode 3.2";
			developmentRegion = English;
			hasScannedForEncodings = 0;
			knownRegions = (
				en,
			);
			mainGroup = EEC994671C06112E0029AD42;
			productRefGroup = EEC994711C06112E0029AD42 /* Products */;
			projectDirPath = "";
			projectRoot = "";
			targets = (
				EEC9946F1C06112E0029AD42 /* Chp3 */,
			);
		};
/* End PBXProject section */

/* Begin PBXSourcesBuildPhase section */
		EEC9946C1C06112E0029AD42 /* Sources */ = {
			isa = PBXSourcesBuildPhase;
			buildActionMask = 2147483647;
			files = (
				EEC994741C06112E0029AD42 /* main.m in Sources */,
				EE43333E1C14144B00E2DE39 /* XYPoint.m in Sources */,
			);
			runOnlyForDeploymentPostprocessing = 0;
		};
/* End PBXSourcesBuildPhase section */

/* Begin XCBuildConfiguration section */
		EEC994751C06112E0029AD42 /* Debug */ = {
			isa = XCBuildConfiguration;
			buildSettings = {
				ALWAYS_SEARCH_USER_PATHS = NO;
				CLANG_CXX_LANGUAGE_STANDARD = "gnu++0x";
				CLANG_CXX_LIBRARY = "libc++";
				CLANG_ENABLE_MODULES = YES;
				CLANG_ENABLE_OBJC_ARC = YES;
				CLANG_WARN_BOOL_CONVERSION = YES;
				CLANG_WARN_CONSTANT_CONVERSION = YES;
				CLANG_WARN_DIRECT_OBJC_ISA_USAGE = YES_ERROR;
				CLANG_WARN_EMPTY_BODY = YES;
				CLANG_WARN_ENUM_CONVERSION = YES;
				CLANG_WARN_INT_CONVERSION = YES;
				CLANG_WARN_OBJC_ROOT_CLASS = YES_ERROR;
				CLANG_WARN_UNREACHABLE_CODE = YES;
				CLANG_WARN__DUPLICATE_METHOD_MATCH = YES;
				COPY_PHASE_STRIP = NO;
				ENABLE_STRICT_OBJC_MSGSEND = YES;
				ENABLE_TESTABILITY = YES;
				GCC_C_LANGUAGE_STANDARD = gnu99;
				GCC_DYNAMIC_NO_PIC = NO;
				GCC_OPTIMIZATION_LEVEL = 0;
				GCC_PREPROCESSOR_DEFINITIONS = (
					"DEBUG=1",
					"$(inherited)",
				);
				GCC_SYMBOLS_PRIVATE_EXTERN = NO;
				GCC_WARN_64_TO_32_BIT_CONVERSION = YES;
				GCC_WARN_ABOUT_RETURN_TYPE = YES_ERROR;
				GCC_WARN_UNDECLARED_SELECTOR = YES;
				GCC_WARN_UNINITIALIZED_AUTOS = YES_AGGRESSIVE;
				GCC_WARN_UNUSED_FUNCTION = YES;
				GCC_WARN_UNUSED_VARIABLE = YES;
				MACOSX_DEPLOYMENT_TARGET = 10.10;
				MTL_ENABLE_DEBUG_INFO = YES;
				ONLY_ACTIVE_ARCH = YES;
				SDKROOT = macosx;
			};
			name = Debug;
		};
		EEC994761C06112E0029AD42 /* Release */ = {
			isa = XCBuildConfiguration;
			buildSettings = {
				ALWAYS_SEARCH_USER_PATHS = NO;
				CLANG_CXX_LANGUAGE_STANDARD = "gnu++0x";
				CLANG_CXX_LIBRARY = "libc++";
				CLANG_ENABLE_MODULES = YES;
				CLANG_ENABLE_OBJC_ARC = YES;
				CLANG_WARN_BOOL_CONVERSION = YES;
				CLANG_WARN_CONSTANT_CONVERSION = YES;
				CLANG_WARN_DIRECT_OBJC_ISA_USAGE = YES_ERROR;
				CLANG_WARN_EMPTY_BODY = YES;
				CLANG_WARN_ENUM_CONVERSION = YES;
				CLANG_WARN_INT_CONVERSION = YES;
				CLANG_WARN_OBJC_ROOT_CLASS = YES_ERROR;
				CLANG_WARN_UNREACHABLE_CODE = YES;
				CLANG_WARN__DUPLICATE_METHOD_MATCH = YES;
				COPY_PHASE_STRIP = YES;
				DEBUG_INFORMATION_FORMAT = "dwarf-with-dsym";
				ENABLE_NS_ASSERTIONS = NO;
				ENABLE_STRICT_OBJC_MSGSEND = YES;
				GCC_C_LANGUAGE_STANDARD = gnu99;
				GCC_WARN_64_TO_32_BIT_CONVERSION = YES;
				GCC_WARN_ABOUT_RETURN_TYPE = YES_ERROR;
				GCC_WARN_UNDECLARED_SELECTOR = YES;
				GCC_WARN_UNINITIALIZED_AUTOS = YES_AGGRESSIVE;
				GCC_WARN_UNUSED_FUNCTION = YES;
				GCC_WARN_UNUSED_VARIABLE = YES;
				MACOSX_DEPLOYMENT_TARGET = 10.10;
				MTL_ENABLE_DEBUG_INFO = NO;
				SDKROOT = macosx;
			};
			name = Release;
		};
		EEC994781C06112E0029AD42 /* Debug */ = {
			isa = XCBuildConfiguration;
			buildSettings = {
				PRODUCT_NAME = Chp3;
			};
			name = Debug;
		};
		EEC994791C06112E0029AD42 /* Release */ = {
			isa = XCBuildConfiguration;
			buildSettings = {
				PRODUCT_NAME = Chp3;
			};
			name = Release;
		};
/* End XCBuildConfiguration section */

/* Begin XCConfigurationList section */
		EEC9946B1C06112E0029AD42 /* Build configuration list for PBXProject "Chp3" */ = {
			isa = XCConfigurationList;
			buildConfigurations = (
				EEC994751C06112E0029AD42 /* Debug */,
				EEC994761C06112E0029AD42 /* Release */,
			);
			defaultConfigurationIsVisible = 0;
			defaultConfigurationName = Release;
		};
		EEC994771C06112E0029AD42 /* Build configuration list for PBXNativeTarget "Chp3" */ = {
			isa = XCConfigurationList;
			buildConfigurations = (
				EEC994781C06112E0029AD42 /* Debug */,
				EEC994791C06112E0029AD42 /* Release */,
			);
			defaultConfigurationIsVisible = 0;
			defaultConfigurationName = Release;
		};
/* End XCConfigurationList section */
	};
	rootObject = EEC994681C06112E0029AD42 /* Project object */;
}
